
Microsoft Visual Studio Solution File, Format Version 12.00
# Visual Studio Version 17
VisualStudioVersion = 17.6.33815.320
MinimumVisualStudioVersion = 10.0.40219.1
Project("{FAE04EC0-301F-11D3-BF4B-00C04F79EFBC}") = "Calculadora", "Calculadora\Calculadora.csproj", "{EC415771-C8A3-4299-9816-A5B4C2DB58F1}"
EndProject
Global
	GlobalSection(SolutionConfigurationPlatforms) = preSolution
		Debug|Any CPU = Debug|Any CPU
		Release|Any CPU = Release|Any CPU
	EndGlobalSection
	GlobalSection(ProjectConfigurationPlatforms) = postSolution
		{EC415771-C8A3-4299-9816-A5B4C2DB58F1}.Debug|Any CPU.ActiveCfg = Debug|Any CPU
		{EC415771-C8A3-4299-9816-A5B4C2DB58F1}.Debug|Any CPU.Build.0 = Debug|Any CPU
		{EC415771-C8A3-4299-9816-A5B4C2DB58F1}.Release|Any CPU.ActiveCfg = Release|Any CPU
		{EC415771-C8A3-4299-9816-A5B4C2DB58F1}.Release|Any CPU.Build.0 = Release|Any CPU
	EndGlobalSection
	GlobalSection(SolutionProperties) = preSolution
		HideSolutionNode = FALSE
	EndGlobalSection
	GlobalSection(ExtensibilityGlobals) = postSolution
		SolutionGuid = {3777A6BC-53E8-4879-B88F-182D768AF244}
	EndGlobalSection
EndGlobal
