
Microsoft Visual Studio Solution File, Format Version 12.00
# Visual Studio Version 17
VisualStudioVersion = 17.4.33213.308
MinimumVisualStudioVersion = 10.0.40219.1
Project("{FAE04EC0-301F-11D3-BF4B-00C04F79EFBC}") = "Exercicio1", "Exercicio1\Exercicio1.csproj", "{CC2984EB-26FB-48B8-AA78-73A66BDAEF80}"
EndProject
Global
	GlobalSection(SolutionConfigurationPlatforms) = preSolution
		Debug|Any CPU = Debug|Any CPU
		Release|Any CPU = Release|Any CPU
	EndGlobalSection
	GlobalSection(ProjectConfigurationPlatforms) = postSolution
		{CC2984EB-26FB-48B8-AA78-73A66BDAEF80}.Debug|Any CPU.ActiveCfg = Debug|Any CPU
		{CC2984EB-26FB-48B8-AA78-73A66BDAEF80}.Debug|Any CPU.Build.0 = Debug|Any CPU
		{CC2984EB-26FB-48B8-AA78-73A66BDAEF80}.Release|Any CPU.ActiveCfg = Release|Any CPU
		{CC2984EB-26FB-48B8-AA78-73A66BDAEF80}.Release|Any CPU.Build.0 = Release|Any CPU
	EndGlobalSection
	GlobalSection(SolutionProperties) = preSolution
		HideSolutionNode = FALSE
	EndGlobalSection
	GlobalSection(ExtensibilityGlobals) = postSolution
		SolutionGuid = {C999A11A-37A6-476B-BB38-C038A84DD27A}
	EndGlobalSection
EndGlobal
